// !$*UTF8*$!
{
	archiveVersion = 1;
	classes = {
	};
	objectVersion = 56;
	objects = {

/* Begin PBXBuildFile section */
		787105A12AD1F528008102B9 /* AppStatusBar.swift in Sources */ = {isa = PBXBuildFile; fileRef = 787105A02AD1F528008102B9 /* AppStatusBar.swift */; };
		787105A32AD21658008102B9 /* SleepTimerManager.swift in Sources */ = {isa = PBXBuildFile; fileRef = 787105A22AD21658008102B9 /* SleepTimerManager.swift */; };
		789074702AABDFF40048E2B5 /* AppDelegate.swift in Sources */ = {isa = PBXBuildFile; fileRef = 7890746F2AABDFF40048E2B5 /* AppDelegate.swift */; };
		789074722AABDFF40048E2B5 /* ViewController.swift in Sources */ = {isa = PBXBuildFile; fileRef = 789074712AABDFF40048E2B5 /* ViewController.swift */; };
		789074742AABDFF60048E2B5 /* Assets.xcassets in Resources */ = {isa = PBXBuildFile; fileRef = 789074732AABDFF60048E2B5 /* Assets.xcassets */; };
		789074772AABDFF60048E2B5 /* Main.storyboard in Resources */ = {isa = PBXBuildFile; fileRef = 789074752AABDFF60048E2B5 /* Main.storyboard */; };
		789074822AABDFF70048E2B5 /* sleepysbTests.swift in Sources */ = {isa = PBXBuildFile; fileRef = 789074812AABDFF70048E2B5 /* sleepysbTests.swift */; };
		7890748C2AABDFF70048E2B5 /* sleepysbUITests.swift in Sources */ = {isa = PBXBuildFile; fileRef = 7890748B2AABDFF70048E2B5 /* sleepysbUITests.swift */; };
		7890748E2AABDFF70048E2B5 /* sleepysbUITestsLaunchTests.swift in Sources */ = {isa = PBXBuildFile; fileRef = 7890748D2AABDFF70048E2B5 /* sleepysbUITestsLaunchTests.swift */; };
		78BD8A7A2ABF78E00020E6A0 /* ShellManager.swift in Sources */ = {isa = PBXBuildFile; fileRef = 78BD8A792ABF78E00020E6A0 /* ShellManager.swift */; };
		78BD8A822ABFC3F00020E6A0 /* OnlyIntegerValueFormatter.swift in Sources */ = {isa = PBXBuildFile; fileRef = 78BD8A812ABFC3F00020E6A0 /* OnlyIntegerValueFormatter.swift */; };
		78BD8A852AC33C250020E6A0 /* PredefineActionButton.swift in Sources */ = {isa = PBXBuildFile; fileRef = 78BD8A842AC33C250020E6A0 /* PredefineActionButton.swift */; };
		78BD8A882AC33C470020E6A0 /* Int+Extensions.swift in Sources */ = {isa = PBXBuildFile; fileRef = 78BD8A872AC33C470020E6A0 /* Int+Extensions.swift */; };
/* End PBXBuildFile section */

/* Begin PBXContainerItemProxy section */
		7890747E2AABDFF70048E2B5 /* PBXContainerItemProxy */ = {
			isa = PBXContainerItemProxy;
			containerPortal = 789074642AABDFF40048E2B5 /* Project object */;
			proxyType = 1;
			remoteGlobalIDString = 7890746B2AABDFF40048E2B5;
			remoteInfo = sleepysb;
		};
		789074882AABDFF70048E2B5 /* PBXContainerItemProxy */ = {
			isa = PBXContainerItemProxy;
			containerPortal = 789074642AABDFF40048E2B5 /* Project object */;
			proxyType = 1;
			remoteGlobalIDString = 7890746B2AABDFF40048E2B5;
			remoteInfo = sleepysb;
		};
/* End PBXContainerItemProxy section */

/* Begin PBXFileReference section */
		787105A02AD1F528008102B9 /* AppStatusBar.swift */ = {isa = PBXFileReference; lastKnownFileType = sourcecode.swift; path = AppStatusBar.swift; sourceTree = "<group>"; };
		787105A22AD21658008102B9 /* SleepTimerManager.swift */ = {isa = PBXFileReference; lastKnownFileType = sourcecode.swift; path = SleepTimerManager.swift; sourceTree = "<group>"; };
		7890746C2AABDFF40048E2B5 /* sleepysb.app */ = {isa = PBXFileReference; explicitFileType = wrapper.application; includeInIndex = 0; path = sleepysb.app; sourceTree = BUILT_PRODUCTS_DIR; };
		7890746F2AABDFF40048E2B5 /* AppDelegate.swift */ = {isa = PBXFileReference; lastKnownFileType = sourcecode.swift; path = AppDelegate.swift; sourceTree = "<group>"; };
		789074712AABDFF40048E2B5 /* ViewController.swift */ = {isa = PBXFileReference; lastKnownFileType = sourcecode.swift; path = ViewController.swift; sourceTree = "<group>"; };
		789074732AABDFF60048E2B5 /* Assets.xcassets */ = {isa = PBXFileReference; lastKnownFileType = folder.assetcatalog; path = Assets.xcassets; sourceTree = "<group>"; };
		789074762AABDFF60048E2B5 /* Base */ = {isa = PBXFileReference; lastKnownFileType = file.storyboard; name = Base; path = Base.lproj/Main.storyboard; sourceTree = "<group>"; };
		789074782AABDFF60048E2B5 /* sleepysb.entitlements */ = {isa = PBXFileReference; lastKnownFileType = text.plist.entitlements; path = sleepysb.entitlements; sourceTree = "<group>"; };
		7890747D2AABDFF70048E2B5 /* sleepysbTests.xctest */ = {isa = PBXFileReference; explicitFileType = wrapper.cfbundle; includeInIndex = 0; path = sleepysbTests.xctest; sourceTree = BUILT_PRODUCTS_DIR; };
		789074812AABDFF70048E2B5 /* sleepysbTests.swift */ = {isa = PBXFileReference; lastKnownFileType = sourcecode.swift; path = sleepysbTests.swift; sourceTree = "<group>"; };
		789074872AABDFF70048E2B5 /* sleepysbUITests.xctest */ = {isa = PBXFileReference; explicitFileType = wrapper.cfbundle; includeInIndex = 0; path = sleepysbUITests.xctest; sourceTree = BUILT_PRODUCTS_DIR; };
		7890748B2AABDFF70048E2B5 /* sleepysbUITests.swift */ = {isa = PBXFileReference; lastKnownFileType = sourcecode.swift; path = sleepysbUITests.swift; sourceTree = "<group>"; };
		7890748D2AABDFF70048E2B5 /* sleepysbUITestsLaunchTests.swift */ = {isa = PBXFileReference; lastKnownFileType = sourcecode.swift; path = sleepysbUITestsLaunchTests.swift; sourceTree = "<group>"; };
		78BD8A792ABF78E00020E6A0 /* ShellManager.swift */ = {isa = PBXFileReference; lastKnownFileType = sourcecode.swift; path = ShellManager.swift; sourceTree = "<group>"; };
		78BD8A812ABFC3F00020E6A0 /* OnlyIntegerValueFormatter.swift */ = {isa = PBXFileReference; lastKnownFileType = sourcecode.swift; path = OnlyIntegerValueFormatter.swift; sourceTree = "<group>"; };
		78BD8A842AC33C250020E6A0 /* PredefineActionButton.swift */ = {isa = PBXFileReference; lastKnownFileType = sourcecode.swift; path = PredefineActionButton.swift; sourceTree = "<group>"; };
		78BD8A872AC33C470020E6A0 /* Int+Extensions.swift */ = {isa = PBXFileReference; lastKnownFileType = sourcecode.swift; path = "Int+Extensions.swift"; sourceTree = "<group>"; };
/* End PBXFileReference section */

/* Begin PBXFrameworksBuildPhase section */
		789074692AABDFF40048E2B5 /* Frameworks */ = {
			isa = PBXFrameworksBuildPhase;
			buildActionMask = 2147483647;
			files = (
			);
			runOnlyForDeploymentPostprocessing = 0;
		};
		7890747A2AABDFF70048E2B5 /* Frameworks */ = {
			isa = PBXFrameworksBuildPhase;
			buildActionMask = 2147483647;
			files = (
			);
			runOnlyForDeploymentPostprocessing = 0;
		};
		789074842AABDFF70048E2B5 /* Frameworks */ = {
			isa = PBXFrameworksBuildPhase;
			buildActionMask = 2147483647;
			files = (
			);
			runOnlyForDeploymentPostprocessing = 0;
		};
/* End PBXFrameworksBuildPhase section */

/* Begin PBXGroup section */
		789074632AABDFF40048E2B5 = {
			isa = PBXGroup;
			children = (
				7890746E2AABDFF40048E2B5 /* sleepysb */,
				789074802AABDFF70048E2B5 /* sleepysbTests */,
				7890748A2AABDFF70048E2B5 /* sleepysbUITests */,
				7890746D2AABDFF40048E2B5 /* Products */,
			);
			sourceTree = "<group>";
		};
		7890746D2AABDFF40048E2B5 /* Products */ = {
			isa = PBXGroup;
			children = (
				7890746C2AABDFF40048E2B5 /* sleepysb.app */,
				7890747D2AABDFF70048E2B5 /* sleepysbTests.xctest */,
				789074872AABDFF70048E2B5 /* sleepysbUITests.xctest */,
			);
			name = Products;
			sourceTree = "<group>";
		};
		7890746E2AABDFF40048E2B5 /* sleepysb */ = {
			isa = PBXGroup;
			children = (
				78BD8A862AC33C3D0020E6A0 /* Extensions */,
				78BD8A802ABFC3E50020E6A0 /* Formatters */,
				78BD8A7B2ABF7A560020E6A0 /* CustomViews */,
				78BD8A782ABF78C70020E6A0 /* Managers */,
				7890746F2AABDFF40048E2B5 /* AppDelegate.swift */,
				787105A02AD1F528008102B9 /* AppStatusBar.swift */,
				789074712AABDFF40048E2B5 /* ViewController.swift */,
				789074732AABDFF60048E2B5 /* Assets.xcassets */,
				789074752AABDFF60048E2B5 /* Main.storyboard */,
				789074782AABDFF60048E2B5 /* sleepysb.entitlements */,
			);
			path = sleepysb;
			sourceTree = "<group>";
		};
		789074802AABDFF70048E2B5 /* sleepysbTests */ = {
			isa = PBXGroup;
			children = (
				789074812AABDFF70048E2B5 /* sleepysbTests.swift */,
			);
			path = sleepysbTests;
			sourceTree = "<group>";
		};
		7890748A2AABDFF70048E2B5 /* sleepysbUITests */ = {
			isa = PBXGroup;
			children = (
				7890748B2AABDFF70048E2B5 /* sleepysbUITests.swift */,
				7890748D2AABDFF70048E2B5 /* sleepysbUITestsLaunchTests.swift */,
			);
			path = sleepysbUITests;
			sourceTree = "<group>";
		};
		78BD8A782ABF78C70020E6A0 /* Managers */ = {
			isa = PBXGroup;
			children = (
				78BD8A792ABF78E00020E6A0 /* ShellManager.swift */,
				787105A22AD21658008102B9 /* SleepTimerManager.swift */,
			);
			path = Managers;
			sourceTree = "<group>";
		};
		78BD8A7B2ABF7A560020E6A0 /* CustomViews */ = {
			isa = PBXGroup;
			children = (
				78BD8A842AC33C250020E6A0 /* PredefineActionButton.swift */,
			);
			path = CustomViews;
			sourceTree = "<group>";
		};
		78BD8A802ABFC3E50020E6A0 /* Formatters */ = {
			isa = PBXGroup;
			children = (
				78BD8A812ABFC3F00020E6A0 /* OnlyIntegerValueFormatter.swift */,
			);
			path = Formatters;
			sourceTree = "<group>";
		};
		78BD8A862AC33C3D0020E6A0 /* Extensions */ = {
			isa = PBXGroup;
			children = (
				78BD8A872AC33C470020E6A0 /* Int+Extensions.swift */,
			);
			path = Extensions;
			sourceTree = "<group>";
		};
/* End PBXGroup section */

/* Begin PBXNativeTarget section */
		7890746B2AABDFF40048E2B5 /* sleepysb */ = {
			isa = PBXNativeTarget;
			buildConfigurationList = 789074912AABDFF70048E2B5 /* Build configuration list for PBXNativeTarget "sleepysb" */;
			buildPhases = (
				789074682AABDFF40048E2B5 /* Sources */,
				789074692AABDFF40048E2B5 /* Frameworks */,
				7890746A2AABDFF40048E2B5 /* Resources */,
			);
			buildRules = (
			);
			dependencies = (
			);
			name = sleepysb;
			productName = sleepysb;
			productReference = 7890746C2AABDFF40048E2B5 /* sleepysb.app */;
			productType = "com.apple.product-type.application";
		};
		7890747C2AABDFF70048E2B5 /* sleepysbTests */ = {
			isa = PBXNativeTarget;
			buildConfigurationList = 789074942AABDFF70048E2B5 /* Build configuration list for PBXNativeTarget "sleepysbTests" */;
			buildPhases = (
				789074792AABDFF70048E2B5 /* Sources */,
				7890747A2AABDFF70048E2B5 /* Frameworks */,
				7890747B2AABDFF70048E2B5 /* Resources */,
			);
			buildRules = (
			);
			dependencies = (
				7890747F2AABDFF70048E2B5 /* PBXTargetDependency */,
			);
			name = sleepysbTests;
			productName = sleepysbTests;
			productReference = 7890747D2AABDFF70048E2B5 /* sleepysbTests.xctest */;
			productType = "com.apple.product-type.bundle.unit-test";
		};
		789074862AABDFF70048E2B5 /* sleepysbUITests */ = {
			isa = PBXNativeTarget;
			buildConfigurationList = 789074972AABDFF70048E2B5 /* Build configuration list for PBXNativeTarget "sleepysbUITests" */;
			buildPhases = (
				789074832AABDFF70048E2B5 /* Sources */,
				789074842AABDFF70048E2B5 /* Frameworks */,
				789074852AABDFF70048E2B5 /* Resources */,
			);
			buildRules = (
			);
			dependencies = (
				789074892AABDFF70048E2B5 /* PBXTargetDependency */,
			);
			name = sleepysbUITests;
			productName = sleepysbUITests;
			productReference = 789074872AABDFF70048E2B5 /* sleepysbUITests.xctest */;
			productType = "com.apple.product-type.bundle.ui-testing";
		};
/* End PBXNativeTarget section */

/* Begin PBXProject section */
		789074642AABDFF40048E2B5 /* Project object */ = {
			isa = PBXProject;
			attributes = {
				BuildIndependentTargetsInParallel = 1;
				LastSwiftUpdateCheck = 1500;
				LastUpgradeCheck = 1500;
				TargetAttributes = {
					7890746B2AABDFF40048E2B5 = {
						CreatedOnToolsVersion = 15.0;
					};
					7890747C2AABDFF70048E2B5 = {
						CreatedOnToolsVersion = 15.0;
						TestTargetID = 7890746B2AABDFF40048E2B5;
					};
					789074862AABDFF70048E2B5 = {
						CreatedOnToolsVersion = 15.0;
						TestTargetID = 7890746B2AABDFF40048E2B5;
					};
				};
			};
			buildConfigurationList = 789074672AABDFF40048E2B5 /* Build configuration list for PBXProject "sleepysb" */;
			compatibilityVersion = "Xcode 14.0";
			developmentRegion = en;
			hasScannedForEncodings = 0;
			knownRegions = (
				en,
				Base,
			);
			mainGroup = 789074632AABDFF40048E2B5;
			productRefGroup = 7890746D2AABDFF40048E2B5 /* Products */;
			projectDirPath = "";
			projectRoot = "";
			targets = (
				7890746B2AABDFF40048E2B5 /* sleepysb */,
				7890747C2AABDFF70048E2B5 /* sleepysbTests */,
				789074862AABDFF70048E2B5 /* sleepysbUITests */,
			);
		};
/* End PBXProject section */

/* Begin PBXResourcesBuildPhase section */
		7890746A2AABDFF40048E2B5 /* Resources */ = {
			isa = PBXResourcesBuildPhase;
			buildActionMask = 2147483647;
			files = (
				789074742AABDFF60048E2B5 /* Assets.xcassets in Resources */,
				789074772AABDFF60048E2B5 /* Main.storyboard in Resources */,
			);
			runOnlyForDeploymentPostprocessing = 0;
		};
		7890747B2AABDFF70048E2B5 /* Resources */ = {
			isa = PBXResourcesBuildPhase;
			buildActionMask = 2147483647;
			files = (
			);
			runOnlyForDeploymentPostprocessing = 0;
		};
		789074852AABDFF70048E2B5 /* Resources */ = {
			isa = PBXResourcesBuildPhase;
			buildActionMask = 2147483647;
			files = (
			);
			runOnlyForDeploymentPostprocessing = 0;
		};
/* End PBXResourcesBuildPhase section */

/* Begin PBXSourcesBuildPhase section */
		789074682AABDFF40048E2B5 /* Sources */ = {
			isa = PBXSourcesBuildPhase;
			buildActionMask = 2147483647;
			files = (
				78BD8A7A2ABF78E00020E6A0 /* ShellManager.swift in Sources */,
				787105A12AD1F528008102B9 /* AppStatusBar.swift in Sources */,
				789074722AABDFF40048E2B5 /* ViewController.swift in Sources */,
				789074702AABDFF40048E2B5 /* AppDelegate.swift in Sources */,
				78BD8A882AC33C470020E6A0 /* Int+Extensions.swift in Sources */,
				78BD8A852AC33C250020E6A0 /* PredefineActionButton.swift in Sources */,
				78BD8A822ABFC3F00020E6A0 /* OnlyIntegerValueFormatter.swift in Sources */,
				787105A32AD21658008102B9 /* SleepTimerManager.swift in Sources */,
			);
			runOnlyForDeploymentPostprocessing = 0;
		};
		789074792AABDFF70048E2B5 /* Sources */ = {
			isa = PBXSourcesBuildPhase;
			buildActionMask = 2147483647;
			files = (
				789074822AABDFF70048E2B5 /* sleepysbTests.swift in Sources */,
			);
			runOnlyForDeploymentPostprocessing = 0;
		};
		789074832AABDFF70048E2B5 /* Sources */ = {
			isa = PBXSourcesBuildPhase;
			buildActionMask = 2147483647;
			files = (
				7890748E2AABDFF70048E2B5 /* sleepysbUITestsLaunchTests.swift in Sources */,
				7890748C2AABDFF70048E2B5 /* sleepysbUITests.swift in Sources */,
			);
			runOnlyForDeploymentPostprocessing = 0;
		};
/* End PBXSourcesBuildPhase section */

/* Begin PBXTargetDependency section */
		7890747F2AABDFF70048E2B5 /* PBXTargetDependency */ = {
			isa = PBXTargetDependency;
			target = 7890746B2AABDFF40048E2B5 /* sleepysb */;
			targetProxy = 7890747E2AABDFF70048E2B5 /* PBXContainerItemProxy */;
		};
		789074892AABDFF70048E2B5 /* PBXTargetDependency */ = {
			isa = PBXTargetDependency;
			target = 7890746B2AABDFF40048E2B5 /* sleepysb */;
			targetProxy = 789074882AABDFF70048E2B5 /* PBXContainerItemProxy */;
		};
/* End PBXTargetDependency section */

/* Begin PBXVariantGroup section */
		789074752AABDFF60048E2B5 /* Main.storyboard */ = {
			isa = PBXVariantGroup;
			children = (
				789074762AABDFF60048E2B5 /* Base */,
			);
			name = Main.storyboard;
			sourceTree = "<group>";
		};
/* End PBXVariantGroup section */

/* Begin XCBuildConfiguration section */
		7890748F2AABDFF70048E2B5 /* Debug */ = {
			isa = XCBuildConfiguration;
			buildSettings = {
				ALWAYS_SEARCH_USER_PATHS = NO;
				ASSETCATALOG_COMPILER_GENERATE_SWIFT_ASSET_SYMBOL_EXTENSIONS = YES;
				CLANG_ANALYZER_NONNULL = YES;
				CLANG_ANALYZER_NUMBER_OBJECT_CONVERSION = YES_AGGRESSIVE;
				CLANG_CXX_LANGUAGE_STANDARD = "gnu++20";
				CLANG_ENABLE_MODULES = YES;
				CLANG_ENABLE_OBJC_ARC = YES;
				CLANG_ENABLE_OBJC_WEAK = YES;
				CLANG_WARN_BLOCK_CAPTURE_AUTORELEASING = YES;
				CLANG_WARN_BOOL_CONVERSION = YES;
				CLANG_WARN_COMMA = YES;
				CLANG_WARN_CONSTANT_CONVERSION = YES;
				CLANG_WARN_DEPRECATED_OBJC_IMPLEMENTATIONS = YES;
				CLANG_WARN_DIRECT_OBJC_ISA_USAGE = YES_ERROR;
				CLANG_WARN_DOCUMENTATION_COMMENTS = YES;
				CLANG_WARN_EMPTY_BODY = YES;
				CLANG_WARN_ENUM_CONVERSION = YES;
				CLANG_WARN_INFINITE_RECURSION = YES;
				CLANG_WARN_INT_CONVERSION = YES;
				CLANG_WARN_NON_LITERAL_NULL_CONVERSION = YES;
				CLANG_WARN_OBJC_IMPLICIT_RETAIN_SELF = YES;
				CLANG_WARN_OBJC_LITERAL_CONVERSION = YES;
				CLANG_WARN_OBJC_ROOT_CLASS = YES_ERROR;
				CLANG_WARN_QUOTED_INCLUDE_IN_FRAMEWORK_HEADER = YES;
				CLANG_WARN_RANGE_LOOP_ANALYSIS = YES;
				CLANG_WARN_STRICT_PROTOTYPES = YES;
				CLANG_WARN_SUSPICIOUS_MOVE = YES;
				CLANG_WARN_UNGUARDED_AVAILABILITY = YES_AGGRESSIVE;
				CLANG_WARN_UNREACHABLE_CODE = YES;
				CLANG_WARN__DUPLICATE_METHOD_MATCH = YES;
				COPY_PHASE_STRIP = NO;
				DEBUG_INFORMATION_FORMAT = dwarf;
				ENABLE_STRICT_OBJC_MSGSEND = YES;
				ENABLE_TESTABILITY = YES;
				ENABLE_USER_SCRIPT_SANDBOXING = YES;
				GCC_C_LANGUAGE_STANDARD = gnu17;
				GCC_DYNAMIC_NO_PIC = NO;
				GCC_NO_COMMON_BLOCKS = YES;
				GCC_OPTIMIZATION_LEVEL = 0;
				GCC_PREPROCESSOR_DEFINITIONS = (
					"DEBUG=1",
					"$(inherited)",
				);
				GCC_WARN_64_TO_32_BIT_CONVERSION = YES;
				GCC_WARN_ABOUT_RETURN_TYPE = YES_ERROR;
				GCC_WARN_UNDECLARED_SELECTOR = YES;
				GCC_WARN_UNINITIALIZED_AUTOS = YES_AGGRESSIVE;
				GCC_WARN_UNUSED_FUNCTION = YES;
				GCC_WARN_UNUSED_VARIABLE = YES;
				LOCALIZATION_PREFERS_STRING_CATALOGS = YES;
				MACOSX_DEPLOYMENT_TARGET = 13.5;
				MTL_ENABLE_DEBUG_INFO = INCLUDE_SOURCE;
				MTL_FAST_MATH = YES;
				ONLY_ACTIVE_ARCH = YES;
				SDKROOT = macosx;
				SWIFT_ACTIVE_COMPILATION_CONDITIONS = "DEBUG $(inherited)";
				SWIFT_OPTIMIZATION_LEVEL = "-Onone";
			};
			name = Debug;
		};
		789074902AABDFF70048E2B5 /* Release */ = {
			isa = XCBuildConfiguration;
			buildSettings = {
				ALWAYS_SEARCH_USER_PATHS = NO;
				ASSETCATALOG_COMPILER_GENERATE_SWIFT_ASSET_SYMBOL_EXTENSIONS = YES;
				CLANG_ANALYZER_NONNULL = YES;
				CLANG_ANALYZER_NUMBER_OBJECT_CONVERSION = YES_AGGRESSIVE;
				CLANG_CXX_LANGUAGE_STANDARD = "gnu++20";
				CLANG_ENABLE_MODULES = YES;
				CLANG_ENABLE_OBJC_ARC = YES;
				CLANG_ENABLE_OBJC_WEAK = YES;
				CLANG_WARN_BLOCK_CAPTURE_AUTORELEASING = YES;
				CLANG_WARN_BOOL_CONVERSION = YES;
				CLANG_WARN_COMMA = YES;
				CLANG_WARN_CONSTANT_CONVERSION = YES;
				CLANG_WARN_DEPRECATED_OBJC_IMPLEMENTATIONS = YES;
				CLANG_WARN_DIRECT_OBJC_ISA_USAGE = YES_ERROR;
				CLANG_WARN_DOCUMENTATION_COMMENTS = YES;
				CLANG_WARN_EMPTY_BODY = YES;
				CLANG_WARN_ENUM_CONVERSION = YES;
				CLANG_WARN_INFINITE_RECURSION = YES;
				CLANG_WARN_INT_CONVERSION = YES;
				CLANG_WARN_NON_LITERAL_NULL_CONVERSION = YES;
				CLANG_WARN_OBJC_IMPLICIT_RETAIN_SELF = YES;
				CLANG_WARN_OBJC_LITERAL_CONVERSION = YES;
				CLANG_WARN_OBJC_ROOT_CLASS = YES_ERROR;
				CLANG_WARN_QUOTED_INCLUDE_IN_FRAMEWORK_HEADER = YES;
				CLANG_WARN_RANGE_LOOP_ANALYSIS = YES;
				CLANG_WARN_STRICT_PROTOTYPES = YES;
				CLANG_WARN_SUSPICIOUS_MOVE = YES;
				CLANG_WARN_UNGUARDED_AVAILABILITY = YES_AGGRESSIVE;
				CLANG_WARN_UNREACHABLE_CODE = YES;
				CLANG_WARN__DUPLICATE_METHOD_MATCH = YES;
				COPY_PHASE_STRIP = NO;
				DEBUG_INFORMATION_FORMAT = "dwarf-with-dsym";
				ENABLE_NS_ASSERTIONS = NO;
				ENABLE_STRICT_OBJC_MSGSEND = YES;
				ENABLE_USER_SCRIPT_SANDBOXING = YES;
				GCC_C_LANGUAGE_STANDARD = gnu17;
				GCC_NO_COMMON_BLOCKS = YES;
				GCC_WARN_64_TO_32_BIT_CONVERSION = YES;
				GCC_WARN_ABOUT_RETURN_TYPE = YES_ERROR;
				GCC_WARN_UNDECLARED_SELECTOR = YES;
				GCC_WARN_UNINITIALIZED_AUTOS = YES_AGGRESSIVE;
				GCC_WARN_UNUSED_FUNCTION = YES;
				GCC_WARN_UNUSED_VARIABLE = YES;
				LOCALIZATION_PREFERS_STRING_CATALOGS = YES;
				MACOSX_DEPLOYMENT_TARGET = 13.5;
				MTL_ENABLE_DEBUG_INFO = NO;
				MTL_FAST_MATH = YES;
				SDKROOT = macosx;
				SWIFT_COMPILATION_MODE = wholemodule;
			};
			name = Release;
		};
		789074922AABDFF70048E2B5 /* Debug */ = {
			isa = XCBuildConfiguration;
			buildSettings = {
				ASSETCATALOG_COMPILER_APPICON_NAME = AppIcon;
				ASSETCATALOG_COMPILER_GLOBAL_ACCENT_COLOR_NAME = AccentColor;
				CODE_SIGN_ENTITLEMENTS = sleepysb/sleepysb.entitlements;
				CODE_SIGN_STYLE = Automatic;
				COMBINE_HIDPI_IMAGES = YES;
				CURRENT_PROJECT_VERSION = 1;
				DEVELOPMENT_TEAM = 9A26P3RMBN;
				ENABLE_HARDENED_RUNTIME = YES;
				GENERATE_INFOPLIST_FILE = YES;
				INFOPLIST_KEY_NSAppleEventsUsageDescription = "for put your mac sleep";
				INFOPLIST_KEY_NSHumanReadableCopyright = "";
				INFOPLIST_KEY_NSMainStoryboardFile = Main;
				INFOPLIST_KEY_NSPrincipalClass = NSApplication;
				INFOPLIST_KEY_NSSystemExtensionUsageDescription = asdfasdf;
				LD_RUNPATH_SEARCH_PATHS = (
					"$(inherited)",
					"@executable_path/../Frameworks",
				);
				MACOSX_DEPLOYMENT_TARGET = 12.0;
				MARKETING_VERSION = 1.0;
				PRODUCT_BUNDLE_IDENTIFIER = com.winlentia.sleepysb;
				PRODUCT_NAME = "$(TARGET_NAME)";
				SWIFT_EMIT_LOC_STRINGS = YES;
				SWIFT_VERSION = 5.0;
			};
			name = Debug;
		};
		789074932AABDFF70048E2B5 /* Release */ = {
			isa = XCBuildConfiguration;
			buildSettings = {
				ASSETCATALOG_COMPILER_APPICON_NAME = AppIcon;
				ASSETCATALOG_COMPILER_GLOBAL_ACCENT_COLOR_NAME = AccentColor;
				CODE_SIGN_ENTITLEMENTS = sleepysb/sleepysb.entitlements;
				CODE_SIGN_STYLE = Automatic;
				COMBINE_HIDPI_IMAGES = YES;
				CURRENT_PROJECT_VERSION = 1;
				DEVELOPMENT_TEAM = 9A26P3RMBN;
				ENABLE_HARDENED_RUNTIME = YES;
				GENERATE_INFOPLIST_FILE = YES;
				INFOPLIST_KEY_NSAppleEventsUsageDescription = "for put your mac sleep";
				INFOPLIST_KEY_NSHumanReadableCopyright = "";
				INFOPLIST_KEY_NSMainStoryboardFile = Main;
				INFOPLIST_KEY_NSPrincipalClass = NSApplication;
				INFOPLIST_KEY_NSSystemExtensionUsageDescription = asdfasdf;
				LD_RUNPATH_SEARCH_PATHS = (
					"$(inherited)",
					"@executable_path/../Frameworks",
				);
				MACOSX_DEPLOYMENT_TARGET = 12.0;
				MARKETING_VERSION = 1.0;
				PRODUCT_BUNDLE_IDENTIFIER = com.winlentia.sleepysb;
				PRODUCT_NAME = "$(TARGET_NAME)";
				SWIFT_EMIT_LOC_STRINGS = YES;
				SWIFT_VERSION = 5.0;
			};
			name = Release;
		};
		789074952AABDFF70048E2B5 /* Debug */ = {
			isa = XCBuildConfiguration;
			buildSettings = {
				ALWAYS_EMBED_SWIFT_STANDARD_LIBRARIES = YES;
				BUNDLE_LOADER = "$(TEST_HOST)";
				CODE_SIGN_STYLE = Automatic;
				CURRENT_PROJECT_VERSION = 1;
				DEVELOPMENT_TEAM = 9A26P3RMBN;
				GENERATE_INFOPLIST_FILE = YES;
				MACOSX_DEPLOYMENT_TARGET = 13.5;
				MARKETING_VERSION = 1.0;
				PRODUCT_BUNDLE_IDENTIFIER = com.winlentia.sleepysbTests;
				PRODUCT_NAME = "$(TARGET_NAME)";
				SWIFT_EMIT_LOC_STRINGS = NO;
				SWIFT_VERSION = 5.0;
				TEST_HOST = "$(BUILT_PRODUCTS_DIR)/sleepysb.app/$(BUNDLE_EXECUTABLE_FOLDER_PATH)/sleepysb";
			};
			name = Debug;
		};
		789074962AABDFF70048E2B5 /* Release */ = {
			isa = XCBuildConfiguration;
			buildSettings = {
				ALWAYS_EMBED_SWIFT_STANDARD_LIBRARIES = YES;
				BUNDLE_LOADER = "$(TEST_HOST)";
				CODE_SIGN_STYLE = Automatic;
				CURRENT_PROJECT_VERSION = 1;
				DEVELOPMENT_TEAM = 9A26P3RMBN;
				GENERATE_INFOPLIST_FILE = YES;
				MACOSX_DEPLOYMENT_TARGET = 13.5;
				MARKETING_VERSION = 1.0;
				PRODUCT_BUNDLE_IDENTIFIER = com.winlentia.sleepysbTests;
				PRODUCT_NAME = "$(TARGET_NAME)";
				SWIFT_EMIT_LOC_STRINGS = NO;
				SWIFT_VERSION = 5.0;
				TEST_HOST = "$(BUILT_PRODUCTS_DIR)/sleepysb.app/$(BUNDLE_EXECUTABLE_FOLDER_PATH)/sleepysb";
			};
			name = Release;
		};
		789074982AABDFF70048E2B5 /* Debug */ = {
			isa = XCBuildConfiguration;
			buildSettings = {
				ALWAYS_EMBED_SWIFT_STANDARD_LIBRARIES = YES;
				CODE_SIGN_STYLE = Automatic;
				CURRENT_PROJECT_VERSION = 1;
				DEVELOPMENT_TEAM = 9A26P3RMBN;
				GENERATE_INFOPLIST_FILE = YES;
				MARKETING_VERSION = 1.0;
				PRODUCT_BUNDLE_IDENTIFIER = com.winlentia.sleepysbUITests;
				PRODUCT_NAME = "$(TARGET_NAME)";
				SWIFT_EMIT_LOC_STRINGS = NO;
				SWIFT_VERSION = 5.0;
				TEST_TARGET_NAME = sleepysb;
			};
			name = Debug;
		};
		789074992AABDFF70048E2B5 /* Release */ = {
			isa = XCBuildConfiguration;
			buildSettings = {
				ALWAYS_EMBED_SWIFT_STANDARD_LIBRARIES = YES;
				CODE_SIGN_STYLE = Automatic;
				CURRENT_PROJECT_VERSION = 1;
				DEVELOPMENT_TEAM = 9A26P3RMBN;
				GENERATE_INFOPLIST_FILE = YES;
				MARKETING_VERSION = 1.0;
				PRODUCT_BUNDLE_IDENTIFIER = com.winlentia.sleepysbUITests;
				PRODUCT_NAME = "$(TARGET_NAME)";
				SWIFT_EMIT_LOC_STRINGS = NO;
				SWIFT_VERSION = 5.0;
				TEST_TARGET_NAME = sleepysb;
			};
			name = Release;
		};
/* End XCBuildConfiguration section */

/* Begin XCConfigurationList section */
		789074672AABDFF40048E2B5 /* Build configuration list for PBXProject "sleepysb" */ = {
			isa = XCConfigurationList;
			buildConfigurations = (
				7890748F2AABDFF70048E2B5 /* Debug */,
				789074902AABDFF70048E2B5 /* Release */,
			);
			defaultConfigurationIsVisible = 0;
			defaultConfigurationName = Release;
		};
		789074912AABDFF70048E2B5 /* Build configuration list for PBXNativeTarget "sleepysb" */ = {
			isa = XCConfigurationList;
			buildConfigurations = (
				789074922AABDFF70048E2B5 /* Debug */,
				789074932AABDFF70048E2B5 /* Release */,
			);
			defaultConfigurationIsVisible = 0;
			defaultConfigurationName = Release;
		};
		789074942AABDFF70048E2B5 /* Build configuration list for PBXNativeTarget "sleepysbTests" */ = {
			isa = XCConfigurationList;
			buildConfigurations = (
				789074952AABDFF70048E2B5 /* Debug */,
				789074962AABDFF70048E2B5 /* Release */,
			);
			defaultConfigurationIsVisible = 0;
			defaultConfigurationName = Release;
		};
		789074972AABDFF70048E2B5 /* Build configuration list for PBXNativeTarget "sleepysbUITests" */ = {
			isa = XCConfigurationList;
			buildConfigurations = (
				789074982AABDFF70048E2B5 /* Debug */,
				789074992AABDFF70048E2B5 /* Release */,
			);
			defaultConfigurationIsVisible = 0;
			defaultConfigurationName = Release;
		};
/* End XCConfigurationList section */
	};
	rootObject = 789074642AABDFF40048E2B5 /* Project object */;
}
